
Microsoft Visual Studio Solution File, Format Version 12.00
# Visual Studio Version 17
VisualStudioVersion = 17.3.32804.467
MinimumVisualStudioVersion = 10.0.40219.1
Project("{9A19103F-16F7-4668-BE54-9A1E7A4F7556}") = "MyCalc", "MyCalc\MyCalc.csproj", "{6689E0CD-E2FB-41B3-9C2E-AFF2506BC5EA}"
EndProject
Project("{FAE04EC0-301F-11D3-BF4B-00C04F79EFBC}") = "HelloApp", "HelloApp\HelloApp.csproj", "{728B71EB-B27C-4850-8794-63E88E48DC26}"
EndProject
Global
	GlobalSection(SolutionConfigurationPlatforms) = preSolution
		Debug|Any CPU = Debug|Any CPU
		Release|Any CPU = Release|Any CPU
	EndGlobalSection
	GlobalSection(ProjectConfigurationPlatforms) = postSolution
		{6689E0CD-E2FB-41B3-9C2E-AFF2506BC5EA}.Debug|Any CPU.ActiveCfg = Debug|Any CPU
		{6689E0CD-E2FB-41B3-9C2E-AFF2506BC5EA}.Debug|Any CPU.Build.0 = Debug|Any CPU
		{6689E0CD-E2FB-41B3-9C2E-AFF2506BC5EA}.Release|Any CPU.ActiveCfg = Release|Any CPU
		{6689E0CD-E2FB-41B3-9C2E-AFF2506BC5EA}.Release|Any CPU.Build.0 = Release|Any CPU
		{728B71EB-B27C-4850-8794-63E88E48DC26}.Debug|Any CPU.ActiveCfg = Debug|Any CPU
		{728B71EB-B27C-4850-8794-63E88E48DC26}.Debug|Any CPU.Build.0 = Debug|Any CPU
		{728B71EB-B27C-4850-8794-63E88E48DC26}.Release|Any CPU.ActiveCfg = Release|Any CPU
		{728B71EB-B27C-4850-8794-63E88E48DC26}.Release|Any CPU.Build.0 = Release|Any CPU
	EndGlobalSection
	GlobalSection(SolutionProperties) = preSolution
		HideSolutionNode = FALSE
	EndGlobalSection
	GlobalSection(ExtensibilityGlobals) = postSolution
		SolutionGuid = {D9C73C2A-6B1D-4D51-989D-79B8FFAA1EAE}
	EndGlobalSection
EndGlobal
